// !$*UTF8*$!
{
	archiveVersion = 1;
	classes = {
	};
	objectVersion = 51;
	objects = {

/* Begin PBXBuildFile section */
		36B910F280784E0C99D4E6C9 /* Pods_Weather.framework in Frameworks */ = {isa = PBXBuildFile; fileRef = 002F34B5CEAB0952C0DB09E5 /* Pods_Weather.framework */; };
		37199C15253A14D000517775 /* AppDelegate.swift in Sources */ = {isa = PBXBuildFile; fileRef = 37199C14253A14D000517775 /* AppDelegate.swift */; };
		37199C17253A14D000517775 /* SceneDelegate.swift in Sources */ = {isa = PBXBuildFile; fileRef = 37199C16253A14D000517775 /* SceneDelegate.swift */; };
		37199C19253A14D000517775 /* WeatherViewController.swift in Sources */ = {isa = PBXBuildFile; fileRef = 37199C18253A14D000517775 /* WeatherViewController.swift */; };
		37199C1C253A14D000517775 /* Main.storyboard in Resources */ = {isa = PBXBuildFile; fileRef = 37199C1A253A14D000517775 /* Main.storyboard */; };
		37199C1E253A14D300517775 /* Assets.xcassets in Resources */ = {isa = PBXBuildFile; fileRef = 37199C1D253A14D300517775 /* Assets.xcassets */; };
		37199C21253A14D300517775 /* LaunchScreen.storyboard in Resources */ = {isa = PBXBuildFile; fileRef = 37199C1F253A14D300517775 /* LaunchScreen.storyboard */; };
		37199C2F253A6BB400517775 /* WeatherLocation.swift in Sources */ = {isa = PBXBuildFile; fileRef = 37199C2E253A6BB400517775 /* WeatherLocation.swift */; };
		37199C31253A6C5600517775 /* CurrentWeather.swift in Sources */ = {isa = PBXBuildFile; fileRef = 37199C30253A6C5600517775 /* CurrentWeather.swift */; };
		37199C33253A83DD00517775 /* APIURLS.swift in Sources */ = {isa = PBXBuildFile; fileRef = 37199C32253A83DD00517775 /* APIURLS.swift */; };
		37199C35253BAA7A00517775 /* Extensions.swift in Sources */ = {isa = PBXBuildFile; fileRef = 37199C34253BAA7A00517775 /* Extensions.swift */; };
		37199C37253BAC3700517775 /* LocationService.swift in Sources */ = {isa = PBXBuildFile; fileRef = 37199C36253BAC3700517775 /* LocationService.swift */; };
		37199C39253BD28D00517775 /* GlobaleHelpers.swift in Sources */ = {isa = PBXBuildFile; fileRef = 37199C38253BD28D00517775 /* GlobaleHelpers.swift */; };
		37199C3B253C9FC500517775 /* HourlyForecast.swift in Sources */ = {isa = PBXBuildFile; fileRef = 37199C3A253C9FC500517775 /* HourlyForecast.swift */; };
		37199C3D253CD91C00517775 /* WeeklyWeatherForecast.swift in Sources */ = {isa = PBXBuildFile; fileRef = 37199C3C253CD91C00517775 /* WeeklyWeatherForecast.swift */; };
		37199C3F253CF89F00517775 /* ChooseCityViewController.swift in Sources */ = {isa = PBXBuildFile; fileRef = 37199C3E253CF89F00517775 /* ChooseCityViewController.swift */; };
		37199C41253CFD3600517775 /* DetailViewController.swift in Sources */ = {isa = PBXBuildFile; fileRef = 37199C40253CFD3600517775 /* DetailViewController.swift */; };
		37199C43253D18F000517775 /* MainWeatherTableViewCell.swift in Sources */ = {isa = PBXBuildFile; fileRef = 37199C42253D18F000517775 /* MainWeatherTableViewCell.swift */; };
		37199C45253D1D0C00517775 /* CityTempData.swift in Sources */ = {isa = PBXBuildFile; fileRef = 37199C44253D1D0C00517775 /* CityTempData.swift */; };
		37199C47253DC37100517775 /* location.csv in Resources */ = {isa = PBXBuildFile; fileRef = 37199C46253DC37100517775 /* location.csv */; };
		37199C532540AD4A00517775 /* WeatherView.swift in Sources */ = {isa = PBXBuildFile; fileRef = 37199C512540AD4A00517775 /* WeatherView.swift */; };
		37199C542540AD4A00517775 /* WeatherView.xib in Resources */ = {isa = PBXBuildFile; fileRef = 37199C522540AD4A00517775 /* WeatherView.xib */; };
		37199C582542252700517775 /* ForecastCollectionViewCell.swift in Sources */ = {isa = PBXBuildFile; fileRef = 37199C562542252700517775 /* ForecastCollectionViewCell.swift */; };
		37199C592542252800517775 /* ForecastCollectionViewCell.xib in Resources */ = {isa = PBXBuildFile; fileRef = 37199C572542252700517775 /* ForecastCollectionViewCell.xib */; };
		37199C5D2542379700517775 /* InfoCollectionViewCell.swift in Sources */ = {isa = PBXBuildFile; fileRef = 37199C5B2542379700517775 /* InfoCollectionViewCell.swift */; };
		37199C5E2542379700517775 /* InfoCollectionViewCell.xib in Resources */ = {isa = PBXBuildFile; fileRef = 37199C5C2542379700517775 /* InfoCollectionViewCell.xib */; };
		37199C6025423BF500517775 /* WeatherInfo.swift in Sources */ = {isa = PBXBuildFile; fileRef = 37199C5F25423BF500517775 /* WeatherInfo.swift */; };
		37199C642542594100517775 /* WeatherTableViewCell.swift in Sources */ = {isa = PBXBuildFile; fileRef = 37199C622542594100517775 /* WeatherTableViewCell.swift */; };
		37199C652542594100517775 /* WeatherTableViewCell.xib in Resources */ = {isa = PBXBuildFile; fileRef = 37199C632542594100517775 /* WeatherTableViewCell.xib */; };
/* End PBXBuildFile section */

/* Begin PBXFileReference section */
		002F34B5CEAB0952C0DB09E5 /* Pods_Weather.framework */ = {isa = PBXFileReference; explicitFileType = wrapper.framework; includeInIndex = 0; path = Pods_Weather.framework; sourceTree = BUILT_PRODUCTS_DIR; };
		37199C11253A14D000517775 /* Weather.app */ = {isa = PBXFileReference; explicitFileType = wrapper.application; includeInIndex = 0; path = Weather.app; sourceTree = BUILT_PRODUCTS_DIR; };
		37199C14253A14D000517775 /* AppDelegate.swift */ = {isa = PBXFileReference; lastKnownFileType = sourcecode.swift; path = AppDelegate.swift; sourceTree = "<group>"; };
		37199C16253A14D000517775 /* SceneDelegate.swift */ = {isa = PBXFileReference; lastKnownFileType = sourcecode.swift; path = SceneDelegate.swift; sourceTree = "<group>"; };
		37199C18253A14D000517775 /* WeatherViewController.swift */ = {isa = PBXFileReference; lastKnownFileType = sourcecode.swift; path = WeatherViewController.swift; sourceTree = "<group>"; };
		37199C1B253A14D000517775 /* Base */ = {isa = PBXFileReference; lastKnownFileType = file.storyboard; name = Base; path = Base.lproj/Main.storyboard; sourceTree = "<group>"; };
		37199C1D253A14D300517775 /* Assets.xcassets */ = {isa = PBXFileReference; lastKnownFileType = folder.assetcatalog; path = Assets.xcassets; sourceTree = "<group>"; };
		37199C20253A14D300517775 /* Base */ = {isa = PBXFileReference; lastKnownFileType = file.storyboard; name = Base; path = Base.lproj/LaunchScreen.storyboard; sourceTree = "<group>"; };
		37199C22253A14D300517775 /* Info.plist */ = {isa = PBXFileReference; lastKnownFileType = text.plist.xml; path = Info.plist; sourceTree = "<group>"; };
		37199C2E253A6BB400517775 /* WeatherLocation.swift */ = {isa = PBXFileReference; lastKnownFileType = sourcecode.swift; path = WeatherLocation.swift; sourceTree = "<group>"; };
		37199C30253A6C5600517775 /* CurrentWeather.swift */ = {isa = PBXFileReference; lastKnownFileType = sourcecode.swift; path = CurrentWeather.swift; sourceTree = "<group>"; };
		37199C32253A83DD00517775 /* APIURLS.swift */ = {isa = PBXFileReference; lastKnownFileType = sourcecode.swift; path = APIURLS.swift; sourceTree = "<group>"; };
		37199C34253BAA7A00517775 /* Extensions.swift */ = {isa = PBXFileReference; lastKnownFileType = sourcecode.swift; path = Extensions.swift; sourceTree = "<group>"; };
		37199C36253BAC3700517775 /* LocationService.swift */ = {isa = PBXFileReference; lastKnownFileType = sourcecode.swift; path = LocationService.swift; sourceTree = "<group>"; };
		37199C38253BD28D00517775 /* GlobaleHelpers.swift */ = {isa = PBXFileReference; lastKnownFileType = sourcecode.swift; path = GlobaleHelpers.swift; sourceTree = "<group>"; };
		37199C3A253C9FC500517775 /* HourlyForecast.swift */ = {isa = PBXFileReference; lastKnownFileType = sourcecode.swift; path = HourlyForecast.swift; sourceTree = "<group>"; };
		37199C3C253CD91C00517775 /* WeeklyWeatherForecast.swift */ = {isa = PBXFileReference; lastKnownFileType = sourcecode.swift; path = WeeklyWeatherForecast.swift; sourceTree = "<group>"; };
		37199C3E253CF89F00517775 /* ChooseCityViewController.swift */ = {isa = PBXFileReference; lastKnownFileType = sourcecode.swift; path = ChooseCityViewController.swift; sourceTree = "<group>"; };
		37199C40253CFD3600517775 /* DetailViewController.swift */ = {isa = PBXFileReference; lastKnownFileType = sourcecode.swift; path = DetailViewController.swift; sourceTree = "<group>"; };
		37199C42253D18F000517775 /* MainWeatherTableViewCell.swift */ = {isa = PBXFileReference; lastKnownFileType = sourcecode.swift; path = MainWeatherTableViewCell.swift; sourceTree = "<group>"; };
		37199C44253D1D0C00517775 /* CityTempData.swift */ = {isa = PBXFileReference; lastKnownFileType = sourcecode.swift; path = CityTempData.swift; sourceTree = "<group>"; };
		37199C46253DC37100517775 /* location.csv */ = {isa = PBXFileReference; fileEncoding = 4; lastKnownFileType = text; path = location.csv; sourceTree = "<group>"; };
		37199C512540AD4A00517775 /* WeatherView.swift */ = {isa = PBXFileReference; lastKnownFileType = sourcecode.swift; path = WeatherView.swift; sourceTree = "<group>"; };
		37199C522540AD4A00517775 /* WeatherView.xib */ = {isa = PBXFileReference; lastKnownFileType = file.xib; path = WeatherView.xib; sourceTree = "<group>"; };
		37199C562542252700517775 /* ForecastCollectionViewCell.swift */ = {isa = PBXFileReference; lastKnownFileType = sourcecode.swift; path = ForecastCollectionViewCell.swift; sourceTree = "<group>"; };
		37199C572542252700517775 /* ForecastCollectionViewCell.xib */ = {isa = PBXFileReference; lastKnownFileType = file.xib; path = ForecastCollectionViewCell.xib; sourceTree = "<group>"; };
		37199C5B2542379700517775 /* InfoCollectionViewCell.swift */ = {isa = PBXFileReference; lastKnownFileType = sourcecode.swift; path = InfoCollectionViewCell.swift; sourceTree = "<group>"; };
		37199C5C2542379700517775 /* InfoCollectionViewCell.xib */ = {isa = PBXFileReference; lastKnownFileType = file.xib; path = InfoCollectionViewCell.xib; sourceTree = "<group>"; };
		37199C5F25423BF500517775 /* WeatherInfo.swift */ = {isa = PBXFileReference; lastKnownFileType = sourcecode.swift; path = WeatherInfo.swift; sourceTree = "<group>"; };
		37199C622542594100517775 /* WeatherTableViewCell.swift */ = {isa = PBXFileReference; lastKnownFileType = sourcecode.swift; path = WeatherTableViewCell.swift; sourceTree = "<group>"; };
		37199C632542594100517775 /* WeatherTableViewCell.xib */ = {isa = PBXFileReference; lastKnownFileType = file.xib; path = WeatherTableViewCell.xib; sourceTree = "<group>"; };
		7625E106BEBD84512B98F0DE /* Pods-Weather.debug.xcconfig */ = {isa = PBXFileReference; includeInIndex = 1; lastKnownFileType = text.xcconfig; name = "Pods-Weather.debug.xcconfig"; path = "Target Support Files/Pods-Weather/Pods-Weather.debug.xcconfig"; sourceTree = "<group>"; };
		D7D1E48F2E4E941BF47C4672 /* Pods-Weather.release.xcconfig */ = {isa = PBXFileReference; includeInIndex = 1; lastKnownFileType = text.xcconfig; name = "Pods-Weather.release.xcconfig"; path = "Target Support Files/Pods-Weather/Pods-Weather.release.xcconfig"; sourceTree = "<group>"; };
/* End PBXFileReference section */

/* Begin PBXFrameworksBuildPhase section */
		37199C0E253A14D000517775 /* Frameworks */ = {
			isa = PBXFrameworksBuildPhase;
			buildActionMask = 2147483647;
			files = (
				36B910F280784E0C99D4E6C9 /* Pods_Weather.framework in Frameworks */,
			);
			runOnlyForDeploymentPostprocessing = 0;
		};
/* End PBXFrameworksBuildPhase section */

/* Begin PBXGroup section */
		37199C08253A14D000517775 = {
			isa = PBXGroup;
			children = (
				37199C13253A14D000517775 /* Weather */,
				37199C12253A14D000517775 /* Products */,
				AF073A01284F7E30142D3A53 /* Pods */,
				F9038131349E5327A353D1F8 /* Frameworks */,
			);
			sourceTree = "<group>";
		};
		37199C12253A14D000517775 /* Products */ = {
			isa = PBXGroup;
			children = (
				37199C11253A14D000517775 /* Weather.app */,
			);
			name = Products;
			sourceTree = "<group>";
		};
		37199C13253A14D000517775 /* Weather */ = {
			isa = PBXGroup;
			children = (
				37199C14253A14D000517775 /* AppDelegate.swift */,
				37199C16253A14D000517775 /* SceneDelegate.swift */,
				37199C2A253A179600517775 /* Controllers */,
				37199C28253A177B00517775 /* Models */,
				37199C2D253A6B5700517775 /* ModelHelpers */,
				37199C29253A178E00517775 /* View */,
				37199C2C253A17B200517775 /* Extensions */,
				37199C2B253A17AB00517775 /* Helpers */,
				37199C46253DC37100517775 /* location.csv */,
				37199C22253A14D300517775 /* Info.plist */,
			);
			path = Weather;
			sourceTree = "<group>";
		};
		37199C28253A177B00517775 /* Models */ = {
			isa = PBXGroup;
			children = (
				37199C30253A6C5600517775 /* CurrentWeather.swift */,
				37199C3A253C9FC500517775 /* HourlyForecast.swift */,
				37199C3C253CD91C00517775 /* WeeklyWeatherForecast.swift */,
			);
			path = Models;
			sourceTree = "<group>";
		};
		37199C29253A178E00517775 /* View */ = {
			isa = PBXGroup;
			children = (
				37199C612542590D00517775 /* WeatherTableViewCell */,
				37199C5A2542376600517775 /* InfoCVCell */,
				37199C552542250500517775 /* ForecastCVCell */,
				37199C482540A63600517775 /* WeatherView */,
				37199C1A253A14D000517775 /* Main.storyboard */,
				37199C1F253A14D300517775 /* LaunchScreen.storyboard */,
				37199C1D253A14D300517775 /* Assets.xcassets */,
				37199C42253D18F000517775 /* MainWeatherTableViewCell.swift */,
			);
			path = View;
			sourceTree = "<group>";
		};
		37199C2A253A179600517775 /* Controllers */ = {
			isa = PBXGroup;
			children = (
				37199C18253A14D000517775 /* WeatherViewController.swift */,
				37199C3E253CF89F00517775 /* ChooseCityViewController.swift */,
				37199C40253CFD3600517775 /* DetailViewController.swift */,
			);
			path = Controllers;
			sourceTree = "<group>";
		};
		37199C2B253A17AB00517775 /* Helpers */ = {
			isa = PBXGroup;
			children = (
				37199C32253A83DD00517775 /* APIURLS.swift */,
				37199C38253BD28D00517775 /* GlobaleHelpers.swift */,
			);
			path = Helpers;
			sourceTree = "<group>";
		};
		37199C2C253A17B200517775 /* Extensions */ = {
			isa = PBXGroup;
			children = (
				37199C34253BAA7A00517775 /* Extensions.swift */,
			);
			path = Extensions;
			sourceTree = "<group>";
		};
		37199C2D253A6B5700517775 /* ModelHelpers */ = {
			isa = PBXGroup;
			children = (
				37199C2E253A6BB400517775 /* WeatherLocation.swift */,
				37199C36253BAC3700517775 /* LocationService.swift */,
				37199C44253D1D0C00517775 /* CityTempData.swift */,
				37199C5F25423BF500517775 /* WeatherInfo.swift */,
			);
			path = ModelHelpers;
			sourceTree = "<group>";
		};
		37199C482540A63600517775 /* WeatherView */ = {
			isa = PBXGroup;
			children = (
				37199C512540AD4A00517775 /* WeatherView.swift */,
				37199C522540AD4A00517775 /* WeatherView.xib */,
			);
			path = WeatherView;
			sourceTree = "<group>";
		};
		37199C552542250500517775 /* ForecastCVCell */ = {
			isa = PBXGroup;
			children = (
				37199C562542252700517775 /* ForecastCollectionViewCell.swift */,
				37199C572542252700517775 /* ForecastCollectionViewCell.xib */,
			);
			path = ForecastCVCell;
			sourceTree = "<group>";
		};
		37199C5A2542376600517775 /* InfoCVCell */ = {
			isa = PBXGroup;
			children = (
				37199C5B2542379700517775 /* InfoCollectionViewCell.swift */,
				37199C5C2542379700517775 /* InfoCollectionViewCell.xib */,
			);
			path = InfoCVCell;
			sourceTree = "<group>";
		};
		37199C612542590D00517775 /* WeatherTableViewCell */ = {
			isa = PBXGroup;
			children = (
				37199C622542594100517775 /* WeatherTableViewCell.swift */,
				37199C632542594100517775 /* WeatherTableViewCell.xib */,
			);
			path = WeatherTableViewCell;
			sourceTree = "<group>";
		};
		AF073A01284F7E30142D3A53 /* Pods */ = {
			isa = PBXGroup;
			children = (
				7625E106BEBD84512B98F0DE /* Pods-Weather.debug.xcconfig */,
				D7D1E48F2E4E941BF47C4672 /* Pods-Weather.release.xcconfig */,
			);
			path = Pods;
			sourceTree = "<group>";
		};
		F9038131349E5327A353D1F8 /* Frameworks */ = {
			isa = PBXGroup;
			children = (
				002F34B5CEAB0952C0DB09E5 /* Pods_Weather.framework */,
			);
			name = Frameworks;
			sourceTree = "<group>";
		};
/* End PBXGroup section */

/* Begin PBXNativeTarget section */
		37199C10253A14D000517775 /* Weather */ = {
			isa = PBXNativeTarget;
			buildConfigurationList = 37199C25253A14D300517775 /* Build configuration list for PBXNativeTarget "Weather" */;
			buildPhases = (
				B8663A8EFF0C659A2DF8301B /* [CP] Check Pods Manifest.lock */,
				37199C0D253A14D000517775 /* Sources */,
				37199C0E253A14D000517775 /* Frameworks */,
				37199C0F253A14D000517775 /* Resources */,
				5BBC0C0E04B1B90C2D367417 /* [CP] Embed Pods Frameworks */,
			);
			buildRules = (
			);
			dependencies = (
			);
			name = Weather;
			productName = Weather;
			productReference = 37199C11253A14D000517775 /* Weather.app */;
			productType = "com.apple.product-type.application";
		};
/* End PBXNativeTarget section */

/* Begin PBXProject section */
		37199C09253A14D000517775 /* Project object */ = {
			isa = PBXProject;
			attributes = {
				LastSwiftUpdateCheck = 1170;
				LastUpgradeCheck = 1170;
				ORGANIZATIONNAME = "Ezequiel Parada";
				TargetAttributes = {
					37199C10253A14D000517775 = {
						CreatedOnToolsVersion = 11.7;
					};
				};
			};
			buildConfigurationList = 37199C0C253A14D000517775 /* Build configuration list for PBXProject "Weather" */;
			compatibilityVersion = "Xcode 9.3";
			developmentRegion = en;
			hasScannedForEncodings = 0;
			knownRegions = (
				en,
				Base,
			);
			mainGroup = 37199C08253A14D000517775;
			productRefGroup = 37199C12253A14D000517775 /* Products */;
			projectDirPath = "";
			projectRoot = "";
			targets = (
				37199C10253A14D000517775 /* Weather */,
			);
		};
/* End PBXProject section */

/* Begin PBXResourcesBuildPhase section */
		37199C0F253A14D000517775 /* Resources */ = {
			isa = PBXResourcesBuildPhase;
			buildActionMask = 2147483647;
			files = (
				37199C5E2542379700517775 /* InfoCollectionViewCell.xib in Resources */,
				37199C542540AD4A00517775 /* WeatherView.xib in Resources */,
				37199C592542252800517775 /* ForecastCollectionViewCell.xib in Resources */,
				37199C21253A14D300517775 /* LaunchScreen.storyboard in Resources */,
				37199C652542594100517775 /* WeatherTableViewCell.xib in Resources */,
				37199C1E253A14D300517775 /* Assets.xcassets in Resources */,
				37199C1C253A14D000517775 /* Main.storyboard in Resources */,
				37199C47253DC37100517775 /* location.csv in Resources */,
			);
			runOnlyForDeploymentPostprocessing = 0;
		};
/* End PBXResourcesBuildPhase section */

/* Begin PBXShellScriptBuildPhase section */
		5BBC0C0E04B1B90C2D367417 /* [CP] Embed Pods Frameworks */ = {
			isa = PBXShellScriptBuildPhase;
			buildActionMask = 2147483647;
			files = (
			);
			inputFileListPaths = (
				"${PODS_ROOT}/Target Support Files/Pods-Weather/Pods-Weather-frameworks-${CONFIGURATION}-input-files.xcfilelist",
			);
			name = "[CP] Embed Pods Frameworks";
			outputFileListPaths = (
				"${PODS_ROOT}/Target Support Files/Pods-Weather/Pods-Weather-frameworks-${CONFIGURATION}-output-files.xcfilelist",
			);
			runOnlyForDeploymentPostprocessing = 0;
			shellPath = /bin/sh;
			shellScript = "\"${PODS_ROOT}/Target Support Files/Pods-Weather/Pods-Weather-frameworks.sh\"\n";
			showEnvVarsInLog = 0;
		};
		B8663A8EFF0C659A2DF8301B /* [CP] Check Pods Manifest.lock */ = {
			isa = PBXShellScriptBuildPhase;
			buildActionMask = 2147483647;
			files = (
			);
			inputFileListPaths = (
			);
			inputPaths = (
				"${PODS_PODFILE_DIR_PATH}/Podfile.lock",
				"${PODS_ROOT}/Manifest.lock",
			);
			name = "[CP] Check Pods Manifest.lock";
			outputFileListPaths = (
			);
			outputPaths = (
				"$(DERIVED_FILE_DIR)/Pods-Weather-checkManifestLockResult.txt",
			);
			runOnlyForDeploymentPostprocessing = 0;
			shellPath = /bin/sh;
			shellScript = "diff \"${PODS_PODFILE_DIR_PATH}/Podfile.lock\" \"${PODS_ROOT}/Manifest.lock\" > /dev/null\nif [ $? != 0 ] ; then\n    # print error to STDERR\n    echo \"error: The sandbox is not in sync with the Podfile.lock. Run 'pod install' or update your CocoaPods installation.\" >&2\n    exit 1\nfi\n# This output is used by Xcode 'outputs' to avoid re-running this script phase.\necho \"SUCCESS\" > \"${SCRIPT_OUTPUT_FILE_0}\"\n";
			showEnvVarsInLog = 0;
		};
/* End PBXShellScriptBuildPhase section */

/* Begin PBXSourcesBuildPhase section */
		37199C0D253A14D000517775 /* Sources */ = {
			isa = PBXSourcesBuildPhase;
			buildActionMask = 2147483647;
			files = (
				37199C642542594100517775 /* WeatherTableViewCell.swift in Sources */,
				37199C41253CFD3600517775 /* DetailViewController.swift in Sources */,
				37199C3D253CD91C00517775 /* WeeklyWeatherForecast.swift in Sources */,
				37199C19253A14D000517775 /* WeatherViewController.swift in Sources */,
				37199C31253A6C5600517775 /* CurrentWeather.swift in Sources */,
				37199C582542252700517775 /* ForecastCollectionViewCell.swift in Sources */,
				37199C37253BAC3700517775 /* LocationService.swift in Sources */,
				37199C5D2542379700517775 /* InfoCollectionViewCell.swift in Sources */,
				37199C2F253A6BB400517775 /* WeatherLocation.swift in Sources */,
				37199C15253A14D000517775 /* AppDelegate.swift in Sources */,
				37199C532540AD4A00517775 /* WeatherView.swift in Sources */,
				37199C43253D18F000517775 /* MainWeatherTableViewCell.swift in Sources */,
				37199C3F253CF89F00517775 /* ChooseCityViewController.swift in Sources */,
				37199C33253A83DD00517775 /* APIURLS.swift in Sources */,
				37199C17253A14D000517775 /* SceneDelegate.swift in Sources */,
				37199C3B253C9FC500517775 /* HourlyForecast.swift in Sources */,
				37199C39253BD28D00517775 /* GlobaleHelpers.swift in Sources */,
				37199C6025423BF500517775 /* WeatherInfo.swift in Sources */,
				37199C45253D1D0C00517775 /* CityTempData.swift in Sources */,
				37199C35253BAA7A00517775 /* Extensions.swift in Sources */,
			);
			runOnlyForDeploymentPostprocessing = 0;
		};
/* End PBXSourcesBuildPhase section */

/* Begin PBXVariantGroup section */
		37199C1A253A14D000517775 /* Main.storyboard */ = {
			isa = PBXVariantGroup;
			children = (
				37199C1B253A14D000517775 /* Base */,
			);
			name = Main.storyboard;
			sourceTree = "<group>";
		};
		37199C1F253A14D300517775 /* LaunchScreen.storyboard */ = {
			isa = PBXVariantGroup;
			children = (
				37199C20253A14D300517775 /* Base */,
			);
			name = LaunchScreen.storyboard;
			sourceTree = "<group>";
		};
/* End PBXVariantGroup section */

/* Begin XCBuildConfiguration section */
		37199C23253A14D300517775 /* Debug */ = {
			isa = XCBuildConfiguration;
			buildSettings = {
				ALWAYS_SEARCH_USER_PATHS = NO;
				CLANG_ANALYZER_NONNULL = YES;
				CLANG_ANALYZER_NUMBER_OBJECT_CONVERSION = YES_AGGRESSIVE;
				CLANG_CXX_LANGUAGE_STANDARD = "gnu++14";
				CLANG_CXX_LIBRARY = "libc++";
				CLANG_ENABLE_MODULES = YES;
				CLANG_ENABLE_OBJC_ARC = YES;
				CLANG_ENABLE_OBJC_WEAK = YES;
				CLANG_WARN_BLOCK_CAPTURE_AUTORELEASING = YES;
				CLANG_WARN_BOOL_CONVERSION = YES;
				CLANG_WARN_COMMA = YES;
				CLANG_WARN_CONSTANT_CONVERSION = YES;
				CLANG_WARN_DEPRECATED_OBJC_IMPLEMENTATIONS = YES;
				CLANG_WARN_DIRECT_OBJC_ISA_USAGE = YES_ERROR;
				CLANG_WARN_DOCUMENTATION_COMMENTS = YES;
				CLANG_WARN_EMPTY_BODY = YES;
				CLANG_WARN_ENUM_CONVERSION = YES;
				CLANG_WARN_INFINITE_RECURSION = YES;
				CLANG_WARN_INT_CONVERSION = YES;
				CLANG_WARN_NON_LITERAL_NULL_CONVERSION = YES;
				CLANG_WARN_OBJC_IMPLICIT_RETAIN_SELF = YES;
				CLANG_WARN_OBJC_LITERAL_CONVERSION = YES;
				CLANG_WARN_OBJC_ROOT_CLASS = YES_ERROR;
				CLANG_WARN_RANGE_LOOP_ANALYSIS = YES;
				CLANG_WARN_STRICT_PROTOTYPES = YES;
				CLANG_WARN_SUSPICIOUS_MOVE = YES;
				CLANG_WARN_UNGUARDED_AVAILABILITY = YES_AGGRESSIVE;
				CLANG_WARN_UNREACHABLE_CODE = YES;
				CLANG_WARN__DUPLICATE_METHOD_MATCH = YES;
				COPY_PHASE_STRIP = NO;
				DEBUG_INFORMATION_FORMAT = dwarf;
				ENABLE_STRICT_OBJC_MSGSEND = YES;
				ENABLE_TESTABILITY = YES;
				GCC_C_LANGUAGE_STANDARD = gnu11;
				GCC_DYNAMIC_NO_PIC = NO;
				GCC_NO_COMMON_BLOCKS = YES;
				GCC_OPTIMIZATION_LEVEL = 0;
				GCC_PREPROCESSOR_DEFINITIONS = (
					"DEBUG=1",
					"$(inherited)",
				);
				GCC_WARN_64_TO_32_BIT_CONVERSION = YES;
				GCC_WARN_ABOUT_RETURN_TYPE = YES_ERROR;
				GCC_WARN_UNDECLARED_SELECTOR = YES;
				GCC_WARN_UNINITIALIZED_AUTOS = YES_AGGRESSIVE;
				GCC_WARN_UNUSED_FUNCTION = YES;
				GCC_WARN_UNUSED_VARIABLE = YES;
				IPHONEOS_DEPLOYMENT_TARGET = 13.7;
				MTL_ENABLE_DEBUG_INFO = INCLUDE_SOURCE;
				MTL_FAST_MATH = YES;
				ONLY_ACTIVE_ARCH = YES;
				SDKROOT = iphoneos;
				SWIFT_ACTIVE_COMPILATION_CONDITIONS = DEBUG;
				SWIFT_OPTIMIZATION_LEVEL = "-Onone";
			};
			name = Debug;
		};
		37199C24253A14D300517775 /* Release */ = {
			isa = XCBuildConfiguration;
			buildSettings = {
				ALWAYS_SEARCH_USER_PATHS = NO;
				CLANG_ANALYZER_NONNULL = YES;
				CLANG_ANALYZER_NUMBER_OBJECT_CONVERSION = YES_AGGRESSIVE;
				CLANG_CXX_LANGUAGE_STANDARD = "gnu++14";
				CLANG_CXX_LIBRARY = "libc++";
				CLANG_ENABLE_MODULES = YES;
				CLANG_ENABLE_OBJC_ARC = YES;
				CLANG_ENABLE_OBJC_WEAK = YES;
				CLANG_WARN_BLOCK_CAPTURE_AUTORELEASING = YES;
				CLANG_WARN_BOOL_CONVERSION = YES;
				CLANG_WARN_COMMA = YES;
				CLANG_WARN_CONSTANT_CONVERSION = YES;
				CLANG_WARN_DEPRECATED_OBJC_IMPLEMENTATIONS = YES;
				CLANG_WARN_DIRECT_OBJC_ISA_USAGE = YES_ERROR;
				CLANG_WARN_DOCUMENTATION_COMMENTS = YES;
				CLANG_WARN_EMPTY_BODY = YES;
				CLANG_WARN_ENUM_CONVERSION = YES;
				CLANG_WARN_INFINITE_RECURSION = YES;
				CLANG_WARN_INT_CONVERSION = YES;
				CLANG_WARN_NON_LITERAL_NULL_CONVERSION = YES;
				CLANG_WARN_OBJC_IMPLICIT_RETAIN_SELF = YES;
				CLANG_WARN_OBJC_LITERAL_CONVERSION = YES;
				CLANG_WARN_OBJC_ROOT_CLASS = YES_ERROR;
				CLANG_WARN_RANGE_LOOP_ANALYSIS = YES;
				CLANG_WARN_STRICT_PROTOTYPES = YES;
				CLANG_WARN_SUSPICIOUS_MOVE = YES;
				CLANG_WARN_UNGUARDED_AVAILABILITY = YES_AGGRESSIVE;
				CLANG_WARN_UNREACHABLE_CODE = YES;
				CLANG_WARN__DUPLICATE_METHOD_MATCH = YES;
				COPY_PHASE_STRIP = NO;
				DEBUG_INFORMATION_FORMAT = "dwarf-with-dsym";
				ENABLE_NS_ASSERTIONS = NO;
				ENABLE_STRICT_OBJC_MSGSEND = YES;
				GCC_C_LANGUAGE_STANDARD = gnu11;
				GCC_NO_COMMON_BLOCKS = YES;
				GCC_WARN_64_TO_32_BIT_CONVERSION = YES;
				GCC_WARN_ABOUT_RETURN_TYPE = YES_ERROR;
				GCC_WARN_UNDECLARED_SELECTOR = YES;
				GCC_WARN_UNINITIALIZED_AUTOS = YES_AGGRESSIVE;
				GCC_WARN_UNUSED_FUNCTION = YES;
				GCC_WARN_UNUSED_VARIABLE = YES;
				IPHONEOS_DEPLOYMENT_TARGET = 13.7;
				MTL_ENABLE_DEBUG_INFO = NO;
				MTL_FAST_MATH = YES;
				SDKROOT = iphoneos;
				SWIFT_COMPILATION_MODE = wholemodule;
				SWIFT_OPTIMIZATION_LEVEL = "-O";
				VALIDATE_PRODUCT = YES;
			};
			name = Release;
		};
		37199C26253A14D300517775 /* Debug */ = {
			isa = XCBuildConfiguration;
			baseConfigurationReference = 7625E106BEBD84512B98F0DE /* Pods-Weather.debug.xcconfig */;
			buildSettings = {
				ASSETCATALOG_COMPILER_APPICON_NAME = AppIcon;
				CODE_SIGN_STYLE = Automatic;
				DEVELOPMENT_TEAM = 8PF4PD98CF;
				INFOPLIST_FILE = Weather/Info.plist;
				LD_RUNPATH_SEARCH_PATHS = (
					"$(inherited)",
					"@executable_path/Frameworks",
				);
				PRODUCT_BUNDLE_IDENTIFIER = com.paradabeltran.Weather;
				PRODUCT_NAME = "$(TARGET_NAME)";
				SWIFT_VERSION = 5.0;
				TARGETED_DEVICE_FAMILY = "1,2";
			};
			name = Debug;
		};
		37199C27253A14D300517775 /* Release */ = {
			isa = XCBuildConfiguration;
			baseConfigurationReference = D7D1E48F2E4E941BF47C4672 /* Pods-Weather.release.xcconfig */;
			buildSettings = {
				ASSETCATALOG_COMPILER_APPICON_NAME = AppIcon;
				CODE_SIGN_STYLE = Automatic;
				DEVELOPMENT_TEAM = 8PF4PD98CF;
				INFOPLIST_FILE = Weather/Info.plist;
				LD_RUNPATH_SEARCH_PATHS = (
					"$(inherited)",
					"@executable_path/Frameworks",
				);
				PRODUCT_BUNDLE_IDENTIFIER = com.paradabeltran.Weather;
				PRODUCT_NAME = "$(TARGET_NAME)";
				SWIFT_VERSION = 5.0;
				TARGETED_DEVICE_FAMILY = "1,2";
			};
			name = Release;
		};
/* End XCBuildConfiguration section */

/* Begin XCConfigurationList section */
		37199C0C253A14D000517775 /* Build configuration list for PBXProject "Weather" */ = {
			isa = XCConfigurationList;
			buildConfigurations = (
				37199C23253A14D300517775 /* Debug */,
				37199C24253A14D300517775 /* Release */,
			);
			defaultConfigurationIsVisible = 0;
			defaultConfigurationName = Release;
		};
		37199C25253A14D300517775 /* Build configuration list for PBXNativeTarget "Weather" */ = {
			isa = XCConfigurationList;
			buildConfigurations = (
				37199C26253A14D300517775 /* Debug */,
				37199C27253A14D300517775 /* Release */,
			);
			defaultConfigurationIsVisible = 0;
			defaultConfigurationName = Release;
		};
/* End XCConfigurationList section */
	};
	rootObject = 37199C09253A14D000517775 /* Project object */;
}
